
Microsoft Visual Studio Solution File, Format Version 12.00
Project("{2150E333-8FDC-42A3-9474-1A3956D46DE8}") = "src", "src", "{68535DBC-45DA-4B40-9237-D06760EDAE00}"
EndProject
Project("{2150E333-8FDC-42A3-9474-1A3956D46DE8}") = "tests", "tests", "{5B9E2E26-4A40-4DCD-B1CA-1FCC577CC098}"
EndProject
Project("{FAE04EC0-301F-11D3-BF4B-00C04F79EFBC}") = "User.Application", "User.Application\User.Application.csproj", "{69061E34-8118-4FA1-83F8-78832C03D4E6}"
EndProject
Project("{FAE04EC0-301F-11D3-BF4B-00C04F79EFBC}") = "User.Domain", "User.Domain\User.Domain.csproj", "{2743EF00-E75E-4878-9CB4-E59A0BC6D4DF}"
EndProject
Project("{FAE04EC0-301F-11D3-BF4B-00C04F79EFBC}") = "User.Infra.Data", "User.Infra.Data\User.Infra.Data.csproj", "{99899668-D067-4522-AD0A-08018F16FA37}"
EndProject
Project("{FAE04EC0-301F-11D3-BF4B-00C04F79EFBC}") = "User.IntegrationTests", "User.IntegrationTests\User.IntegrationTests.csproj", "{FE8A2952-9953-49BC-B412-3FCF55541ECA}"
EndProject
Project("{FAE04EC0-301F-11D3-BF4B-00C04F79EFBC}") = "User.Presentation", "User.Presentation\User.Presentation.csproj", "{E4EE8238-28AD-4598-AB1C-A1101677B0C7}"
EndProject
Project("{FAE04EC0-301F-11D3-BF4B-00C04F79EFBC}") = "User.UnitTests", "User.UnitTests\User.UnitTests.csproj", "{0D8E401F-2F8F-4E4E-A097-CDE6FF6BDA78}"
EndProject
Project("{FAE04EC0-301F-11D3-BF4B-00C04F79EFBC}") = "User.Infra.Service", "User.Infra.Service\User.Infra.Service.csproj", "{7CFD4184-3722-4B22-A7BB-0257E1FAE7FE}"
EndProject
Project("{FAE04EC0-301F-11D3-BF4B-00C04F79EFBC}") = "User.Shared", "User.Shared\User.Shared.csproj", "{42059EFA-843A-4109-A8B5-369167CF1118}"
EndProject
Project("{FAE04EC0-301F-11D3-BF4B-00C04F79EFBC}") = "User.Infra.GRPC", "User.Infra.GRPC\User.Infra.GRPC.csproj", "{E939FF2D-9DF4-4C8C-B76B-DBE8949186ED}"
EndProject
Global
	GlobalSection(SolutionConfigurationPlatforms) = preSolution
		Debug|Any CPU = Debug|Any CPU
		Release|Any CPU = Release|Any CPU
	EndGlobalSection
	GlobalSection(ProjectConfigurationPlatforms) = postSolution
		{69061E34-8118-4FA1-83F8-78832C03D4E6}.Debug|Any CPU.ActiveCfg = Debug|Any CPU
		{69061E34-8118-4FA1-83F8-78832C03D4E6}.Debug|Any CPU.Build.0 = Debug|Any CPU
		{69061E34-8118-4FA1-83F8-78832C03D4E6}.Release|Any CPU.ActiveCfg = Release|Any CPU
		{69061E34-8118-4FA1-83F8-78832C03D4E6}.Release|Any CPU.Build.0 = Release|Any CPU
		{2743EF00-E75E-4878-9CB4-E59A0BC6D4DF}.Debug|Any CPU.ActiveCfg = Debug|Any CPU
		{2743EF00-E75E-4878-9CB4-E59A0BC6D4DF}.Debug|Any CPU.Build.0 = Debug|Any CPU
		{2743EF00-E75E-4878-9CB4-E59A0BC6D4DF}.Release|Any CPU.ActiveCfg = Release|Any CPU
		{2743EF00-E75E-4878-9CB4-E59A0BC6D4DF}.Release|Any CPU.Build.0 = Release|Any CPU
		{99899668-D067-4522-AD0A-08018F16FA37}.Debug|Any CPU.ActiveCfg = Debug|Any CPU
		{99899668-D067-4522-AD0A-08018F16FA37}.Debug|Any CPU.Build.0 = Debug|Any CPU
		{99899668-D067-4522-AD0A-08018F16FA37}.Release|Any CPU.ActiveCfg = Release|Any CPU
		{99899668-D067-4522-AD0A-08018F16FA37}.Release|Any CPU.Build.0 = Release|Any CPU
		{FE8A2952-9953-49BC-B412-3FCF55541ECA}.Debug|Any CPU.ActiveCfg = Debug|Any CPU
		{FE8A2952-9953-49BC-B412-3FCF55541ECA}.Debug|Any CPU.Build.0 = Debug|Any CPU
		{FE8A2952-9953-49BC-B412-3FCF55541ECA}.Release|Any CPU.ActiveCfg = Release|Any CPU
		{FE8A2952-9953-49BC-B412-3FCF55541ECA}.Release|Any CPU.Build.0 = Release|Any CPU
		{E4EE8238-28AD-4598-AB1C-A1101677B0C7}.Debug|Any CPU.ActiveCfg = Debug|Any CPU
		{E4EE8238-28AD-4598-AB1C-A1101677B0C7}.Debug|Any CPU.Build.0 = Debug|Any CPU
		{E4EE8238-28AD-4598-AB1C-A1101677B0C7}.Release|Any CPU.ActiveCfg = Release|Any CPU
		{E4EE8238-28AD-4598-AB1C-A1101677B0C7}.Release|Any CPU.Build.0 = Release|Any CPU
		{0D8E401F-2F8F-4E4E-A097-CDE6FF6BDA78}.Debug|Any CPU.ActiveCfg = Debug|Any CPU
		{0D8E401F-2F8F-4E4E-A097-CDE6FF6BDA78}.Debug|Any CPU.Build.0 = Debug|Any CPU
		{0D8E401F-2F8F-4E4E-A097-CDE6FF6BDA78}.Release|Any CPU.ActiveCfg = Release|Any CPU
		{0D8E401F-2F8F-4E4E-A097-CDE6FF6BDA78}.Release|Any CPU.Build.0 = Release|Any CPU
		{7CFD4184-3722-4B22-A7BB-0257E1FAE7FE}.Debug|Any CPU.ActiveCfg = Debug|Any CPU
		{7CFD4184-3722-4B22-A7BB-0257E1FAE7FE}.Debug|Any CPU.Build.0 = Debug|Any CPU
		{7CFD4184-3722-4B22-A7BB-0257E1FAE7FE}.Release|Any CPU.ActiveCfg = Release|Any CPU
		{7CFD4184-3722-4B22-A7BB-0257E1FAE7FE}.Release|Any CPU.Build.0 = Release|Any CPU
		{42059EFA-843A-4109-A8B5-369167CF1118}.Debug|Any CPU.ActiveCfg = Debug|Any CPU
		{42059EFA-843A-4109-A8B5-369167CF1118}.Debug|Any CPU.Build.0 = Debug|Any CPU
		{42059EFA-843A-4109-A8B5-369167CF1118}.Release|Any CPU.ActiveCfg = Release|Any CPU
		{42059EFA-843A-4109-A8B5-369167CF1118}.Release|Any CPU.Build.0 = Release|Any CPU
		{E939FF2D-9DF4-4C8C-B76B-DBE8949186ED}.Debug|Any CPU.ActiveCfg = Debug|Any CPU
		{E939FF2D-9DF4-4C8C-B76B-DBE8949186ED}.Debug|Any CPU.Build.0 = Debug|Any CPU
		{E939FF2D-9DF4-4C8C-B76B-DBE8949186ED}.Release|Any CPU.ActiveCfg = Release|Any CPU
		{E939FF2D-9DF4-4C8C-B76B-DBE8949186ED}.Release|Any CPU.Build.0 = Release|Any CPU
	EndGlobalSection
	GlobalSection(NestedProjects) = preSolution
		{69061E34-8118-4FA1-83F8-78832C03D4E6} = {68535DBC-45DA-4B40-9237-D06760EDAE00}
		{2743EF00-E75E-4878-9CB4-E59A0BC6D4DF} = {68535DBC-45DA-4B40-9237-D06760EDAE00}
		{99899668-D067-4522-AD0A-08018F16FA37} = {68535DBC-45DA-4B40-9237-D06760EDAE00}
		{E4EE8238-28AD-4598-AB1C-A1101677B0C7} = {68535DBC-45DA-4B40-9237-D06760EDAE00}
		{FE8A2952-9953-49BC-B412-3FCF55541ECA} = {5B9E2E26-4A40-4DCD-B1CA-1FCC577CC098}
		{0D8E401F-2F8F-4E4E-A097-CDE6FF6BDA78} = {5B9E2E26-4A40-4DCD-B1CA-1FCC577CC098}
		{7CFD4184-3722-4B22-A7BB-0257E1FAE7FE} = {68535DBC-45DA-4B40-9237-D06760EDAE00}
		{42059EFA-843A-4109-A8B5-369167CF1118} = {68535DBC-45DA-4B40-9237-D06760EDAE00}
		{E939FF2D-9DF4-4C8C-B76B-DBE8949186ED} = {68535DBC-45DA-4B40-9237-D06760EDAE00}
	EndGlobalSection
EndGlobal
